
Microsoft Visual Studio Solution File, Format Version 12.00
# Visual Studio Version 17
VisualStudioVersion = 17.4.33122.133
MinimumVisualStudioVersion = 10.0.40219.1
Project("{FAE04EC0-301F-11D3-BF4B-00C04F79EFBC}") = "TP3", "TP3\TP3.csproj", "{66BCA284-0BB1-4EE7-81AD-48D3078EFA43}"
EndProject
Global
	GlobalSection(SolutionConfigurationPlatforms) = preSolution
		Debug|Any CPU = Debug|Any CPU
		Release|Any CPU = Release|Any CPU
	EndGlobalSection
	GlobalSection(ProjectConfigurationPlatforms) = postSolution
		{66BCA284-0BB1-4EE7-81AD-48D3078EFA43}.Debug|Any CPU.ActiveCfg = Debug|Any CPU
		{66BCA284-0BB1-4EE7-81AD-48D3078EFA43}.Debug|Any CPU.Build.0 = Debug|Any CPU
		{66BCA284-0BB1-4EE7-81AD-48D3078EFA43}.Release|Any CPU.ActiveCfg = Release|Any CPU
		{66BCA284-0BB1-4EE7-81AD-48D3078EFA43}.Release|Any CPU.Build.0 = Release|Any CPU
	EndGlobalSection
	GlobalSection(SolutionProperties) = preSolution
		HideSolutionNode = FALSE
	EndGlobalSection
	GlobalSection(ExtensibilityGlobals) = postSolution
		SolutionGuid = {8CA2DDDC-B52B-44BB-A3B8-819B6B0A98C5}
	EndGlobalSection
EndGlobal
